<?xml version="1.0" encoding="utf-8"?>
<Project ToolsVersion="4.0" xmlns="http://schemas.microsoft.com/developer/msbuild/2003">
  <ItemGroup>
    <Filter Include="Source Files">
      <UniqueIdentifier>{4FC737F1-C7A5-4376-A066-2A32D752A2FF}</UniqueIdentifier>
      <Extensions>cpp;c;cc;cxx;def;odl;idl;hpj;bat;asm;asmx</Extensions>
    </Filter>
    <Filter Include="Header Files">
      <UniqueIdentifier>{93995380-89BD-4b04-88EB-625FBE52EBFB}</UniqueIdentifier>
      <Extensions>h;hh;hpp;hxx;hm;inl;inc;ipp;xsd</Extensions>
    </Filter>
    <Filter Include="Resource Files">
      <UniqueIdentifier>{67DA6AB6-F800-4c08-8B7A-83BB121AAD01}</UniqueIdentifier>
      <Extensions>rc;ico;cur;bmp;dlg;rc2;rct;bin;rgs;gif;jpg;jpeg;jpe;resx;tiff;tif;png;wav;mfcribbon-ms</Extensions>
    </Filter>
    <Filter Include="AVRKeyboardToy">
      <UniqueIdentifier>{4eb0a318-838f-4a21-9c24-3e71223fe486}</UniqueIdentifier>
    </Filter>
    <Filter Include="AVRKeyboardToy\SmartResponseXE">
      <UniqueIdentifier>{d01c0e30-12cf-4310-b7e6-719de7fa685b}</UniqueIdentifier>
    </Filter>
  </ItemGroup>
  <ItemGroup>
    <ClInclude Include="framework.h">
      <Filter>Header Files</Filter>
    </ClInclude>
    <ClInclude Include="targetver.h">
      <Filter>Header Files</Filter>
    </ClInclude>
    <ClInclude Include="Resource.h">
      <Filter>Header Files</Filter>
    </ClInclude>
    <ClInclude Include="avrkeytoy-windows.h">
      <Filter>Header Files</Filter>
    </ClInclude>
    <ClInclude Include="..\..\Firmware\8x8font.h">
      <Filter>AVRKeyboardToy</Filter>
    </ClInclude>
    <ClInclude Include="..\..\Firmware\Adafruit_GFX.h">
      <Filter>AVRKeyboardToy</Filter>
    </ClInclude>
    <ClInclude Include="..\..\Firmware\AvrKeyboardToy.h">
      <Filter>AVRKeyboardToy</Filter>
    </ClInclude>
    <ClInclude Include="..\..\Firmware\ColorUtils.h">
      <Filter>AVRKeyboardToy</Filter>
    </ClInclude>
    <ClInclude Include="..\..\Firmware\DisplayBuffer.h">
      <Filter>AVRKeyboardToy</Filter>
    </ClInclude>
    <ClInclude Include="..\..\Firmware\gfxfont.h">
      <Filter>AVRKeyboardToy</Filter>
    </ClInclude>
    <ClInclude Include="..\..\Firmware\IDisplay.h">
      <Filter>AVRKeyboardToy</Filter>
    </ClInclude>
    <ClInclude Include="..\..\Firmware\KeyboardUtil.h">
      <Filter>AVRKeyboardToy</Filter>
    </ClInclude>
    <ClInclude Include="..\..\Firmware\SRXE_Display.h">
      <Filter>AVRKeyboardToy</Filter>
    </ClInclude>
    <ClInclude Include="..\..\Firmware\TinyBasicPlus.h">
      <Filter>AVRKeyboardToy</Filter>
    </ClInclude>
    <ClInclude Include="..\..\Firmware\SmartResponseXE\SmartResponseXE.h">
      <Filter>AVRKeyboardToy\SmartResponseXE</Filter>
    </ClInclude>
  </ItemGroup>
  <ItemGroup>
    <ClCompile Include="avrkeytoy-windows.cpp">
      <Filter>Source Files</Filter>
    </ClCompile>
    <ClCompile Include="SDL_windows_main.c">
      <Filter>Source Files</Filter>
    </ClCompile>
    <ClCompile Include="..\..\Firmware\glcdfont.c">
      <Filter>AVRKeyboardToy</Filter>
    </ClCompile>
    <ClCompile Include="..\..\Firmware\Adafruit_GFX.cpp">
      <Filter>AVRKeyboardToy</Filter>
    </ClCompile>
    <ClCompile Include="..\..\Firmware\AvrKeyboardToy.cpp">
      <Filter>AVRKeyboardToy</Filter>
    </ClCompile>
    <ClCompile Include="..\..\Firmware\ColorUtils.cpp">
      <Filter>AVRKeyboardToy</Filter>
    </ClCompile>
    <ClCompile Include="..\..\Firmware\DisplayBuffer.cpp">
      <Filter>AVRKeyboardToy</Filter>
    </ClCompile>
    <ClCompile Include="..\..\Firmware\KeyboardUtil.cpp">
      <Filter>AVRKeyboardToy</Filter>
    </ClCompile>
    <ClCompile Include="..\..\Firmware\SRXE_Display.cpp">
      <Filter>AVRKeyboardToy</Filter>
    </ClCompile>
    <ClCompile Include="..\..\Firmware\TinyBasicPlus.cpp">
      <Filter>AVRKeyboardToy</Filter>
    </ClCompile>
    <ClCompile Include="..\..\Firmware\SmartResponseXE\SmartResponseXE.cpp">
      <Filter>AVRKeyboardToy\SmartResponseXE</Filter>
    </ClCompile>
  </ItemGroup>
  <ItemGroup>
    <ResourceCompile Include="avrkeytoy-windows.rc">
      <Filter>Resource Files</Filter>
    </ResourceCompile>
  </ItemGroup>
  <ItemGroup>
    <Image Include="small.ico">
      <Filter>Resource Files</Filter>
    </Image>
    <Image Include="avrkeytoy-windows.ico">
      <Filter>Resource Files</Filter>
    </Image>
  </ItemGroup>
  <ItemGroup>
    <None Include="packages.config" />
  </ItemGroup>
</Project>